
Microsoft Visual Studio Solution File, Format Version 12.00
# Visual Studio 15
VisualStudioVersion = 15.0.27703.2042
MinimumVisualStudioVersion = 10.0.40219.1
Project("{FAE04EC0-301F-11D3-BF4B-00C04F79EFBC}") = "OneClickHealth", "OneClickHealth\OneClickHealth.csproj", "{0748D935-AD8D-432B-9E61-A8C7609F6DF2}"
EndProject
Project("{FAE04EC0-301F-11D3-BF4B-00C04F79EFBC}") = "OneClickHealth.Tests", "OneClickHealth.Tests\OneClickHealth.Tests.csproj", "{13ECD039-5326-418B-895E-642FCAEEE606}"
EndProject
Global
	GlobalSection(SolutionConfigurationPlatforms) = preSolution
		Debug|Any CPU = Debug|Any CPU
		Release|Any CPU = Release|Any CPU
	EndGlobalSection
	GlobalSection(ProjectConfigurationPlatforms) = postSolution
		{0748D935-AD8D-432B-9E61-A8C7609F6DF2}.Debug|Any CPU.ActiveCfg = Debug|Any CPU
		{0748D935-AD8D-432B-9E61-A8C7609F6DF2}.Debug|Any CPU.Build.0 = Debug|Any CPU
		{0748D935-AD8D-432B-9E61-A8C7609F6DF2}.Release|Any CPU.ActiveCfg = Release|Any CPU
		{0748D935-AD8D-432B-9E61-A8C7609F6DF2}.Release|Any CPU.Build.0 = Release|Any CPU
		{13ECD039-5326-418B-895E-642FCAEEE606}.Debug|Any CPU.ActiveCfg = Debug|Any CPU
		{13ECD039-5326-418B-895E-642FCAEEE606}.Debug|Any CPU.Build.0 = Debug|Any CPU
		{13ECD039-5326-418B-895E-642FCAEEE606}.Release|Any CPU.ActiveCfg = Release|Any CPU
		{13ECD039-5326-418B-895E-642FCAEEE606}.Release|Any CPU.Build.0 = Release|Any CPU
	EndGlobalSection
	GlobalSection(SolutionProperties) = preSolution
		HideSolutionNode = FALSE
	EndGlobalSection
	GlobalSection(ExtensibilityGlobals) = postSolution
		SolutionGuid = {A391D384-264B-4020-920E-BC2F23740A22}
	EndGlobalSection
EndGlobal
